{
  "nodes": {
    "flake-utils": {
      "locked": {
        "lastModified": 1667395993,
        "narHash": "sha256-nuEHfE/LcWyuSWnS8t12N1wc105Qtau+/OdUAjtQ0rA=",
        "owner": "numtide",
        "repo": "flake-utils",
        "rev": "5aed5285a952e0b949eb3ba02c12fa4fcfef535f",
        "type": "github"
      },
      "original": {
        "id": "flake-utils",
        "type": "indirect"
      }
    },
    "fstar-flake": {
      "inputs": {
        "flake-utils": "flake-utils",
        "nixpkgs": "nixpkgs"
      },
      "locked": {
        "lastModified": 1682883409,
        "narHash": "sha256-fY/R4dpLrp3Z9mbhMnED73h8G7qUSrVD5xOakW07CLM=",
        "owner": "FStarLang",
        "repo": "FStar",
        "rev": "de29b2328c06cb61aa30dce6a7b9cdbc5391dcdf",
        "type": "github"
      },
      "original": {
        "owner": "FStarLang",
        "repo": "FStar",
        "rev": "de29b2328c06cb61aa30dce6a7b9cdbc5391dcdf",
        "type": "github"
      }
    },
    "nixpkgs": {
      "locked": {
        "lastModified": 1683408522,
        "narHash": "sha256-9kcPh6Uxo17a3kK3XCHhcWiV1Yu1kYj22RHiymUhMkU=",
        "owner": "NixOS",
        "repo": "nixpkgs",
        "rev": "897876e4c484f1e8f92009fd11b7d988a121a4e7",
        "type": "github"
      },
      "original": {
        "id": "nixpkgs",
        "ref": "nixos-unstable",
        "type": "indirect"
      }
    },
    "root": {
      "inputs": {
        "fstar-flake": "fstar-flake",
        "nixpkgs": [
          "fstar-flake",
          "nixpkgs"
        ]
      }
    }
  },
  "root": "root",
  "version": 7
}
